// !$*UTF8*$!
{
	archiveVersion = 1;
	classes = {
	};
	objectVersion = 46;
	objects = {

/* Begin PBXBuildFile section */
		0964C9B61DDB070900F4B3FB /* YCTuanDuiGuanLiVCViewController.m in Sources */ = {isa = PBXBuildFile; fileRef = 0964C9B41DDB070900F4B3FB /* YCTuanDuiGuanLiVCViewController.m */; };
		0964C9B71DDB070900F4B3FB /* YCTuanDuiGuanLiVCViewController.xib in Resources */ = {isa = PBXBuildFile; fileRef = 0964C9B51DDB070900F4B3FB /* YCTuanDuiGuanLiVCViewController.xib */; };
		09FDEB5A1DD9BC57002A0B60 /* YCLogin.m in Sources */ = {isa = PBXBuildFile; fileRef = 09FDEB521DD9BC57002A0B60 /* YCLogin.m */; };
		09FDEB5B1DD9BC57002A0B60 /* YCLogin.xib in Resources */ = {isa = PBXBuildFile; fileRef = 09FDEB531DD9BC57002A0B60 /* YCLogin.xib */; };
		09FDEB5C1DD9BC57002A0B60 /* ZhaoHuiMiMaVC.m in Sources */ = {isa = PBXBuildFile; fileRef = 09FDEB551DD9BC57002A0B60 /* ZhaoHuiMiMaVC.m */; };
		09FDEB5D1DD9BC57002A0B60 /* ZhaoHuiMiMaVC.xib in Resources */ = {isa = PBXBuildFile; fileRef = 09FDEB561DD9BC57002A0B60 /* ZhaoHuiMiMaVC.xib */; };
		09FDEB5E1DD9BC57002A0B60 /* ZhuCeVC.m in Sources */ = {isa = PBXBuildFile; fileRef = 09FDEB581DD9BC57002A0B60 /* ZhuCeVC.m */; };
		09FDEB5F1DD9BC57002A0B60 /* ZhuCeVC.xib in Resources */ = {isa = PBXBuildFile; fileRef = 09FDEB591DD9BC57002A0B60 /* ZhuCeVC.xib */; };
		09FDEB631DD9BCE9002A0B60 /* YCGuideViewController.m in Sources */ = {isa = PBXBuildFile; fileRef = 09FDEB611DD9BCE9002A0B60 /* YCGuideViewController.m */; };
		09FDEB641DD9BCE9002A0B60 /* YCGuideViewController.xib in Resources */ = {isa = PBXBuildFile; fileRef = 09FDEB621DD9BCE9002A0B60 /* YCGuideViewController.xib */; };
		DE26D9461DCC62D100176FC0 /* main.m in Sources */ = {isa = PBXBuildFile; fileRef = DE26D9451DCC62D100176FC0 /* main.m */; };
		DE26D94F1DCC62D100176FC0 /* Main.storyboard in Resources */ = {isa = PBXBuildFile; fileRef = DE26D94D1DCC62D100176FC0 /* Main.storyboard */; };
		DE26D9511DCC62D100176FC0 /* Assets.xcassets in Resources */ = {isa = PBXBuildFile; fileRef = DE26D9501DCC62D100176FC0 /* Assets.xcassets */; };
		DE26D9541DCC62D100176FC0 /* LaunchScreen.storyboard in Resources */ = {isa = PBXBuildFile; fileRef = DE26D9521DCC62D100176FC0 /* LaunchScreen.storyboard */; };
		DE34E1AB1DD56952003E7715 /* YCUniversalInterface.m in Sources */ = {isa = PBXBuildFile; fileRef = DE34E1A91DD56952003E7715 /* YCUniversalInterface.m */; };
		DE34E1AC1DD56952003E7715 /* YCUniversalInterface.xib in Resources */ = {isa = PBXBuildFile; fileRef = DE34E1AA1DD56952003E7715 /* YCUniversalInterface.xib */; };
		DE34E1B31DD5699D003E7715 /* YCManagerInterface.m in Sources */ = {isa = PBXBuildFile; fileRef = DE34E1B11DD5699D003E7715 /* YCManagerInterface.m */; };
		DE34E1B41DD5699D003E7715 /* YCManagerInterface.xib in Resources */ = {isa = PBXBuildFile; fileRef = DE34E1B21DD5699D003E7715 /* YCManagerInterface.xib */; };
		DE34E1BB1DD569D9003E7715 /* YCKYVersionInterface.m in Sources */ = {isa = PBXBuildFile; fileRef = DE34E1B91DD569D9003E7715 /* YCKYVersionInterface.m */; };
		DE34E1BC1DD569D9003E7715 /* YCKYVersionInterface.xib in Resources */ = {isa = PBXBuildFile; fileRef = DE34E1BA1DD569D9003E7715 /* YCKYVersionInterface.xib */; };
		DE34E1C31DD56A38003E7715 /* YCSettingsViewController.m in Sources */ = {isa = PBXBuildFile; fileRef = DE34E1C11DD56A38003E7715 /* YCSettingsViewController.m */; };
		DE34E1C41DD56A38003E7715 /* YCSettingsViewController.xib in Resources */ = {isa = PBXBuildFile; fileRef = DE34E1C21DD56A38003E7715 /* YCSettingsViewController.xib */; };
		DE34E1CA1DD57A0F003E7715 /* ToolFuncation.m in Sources */ = {isa = PBXBuildFile; fileRef = DE34E1C91DD57A0F003E7715 /* ToolFuncation.m */; };
		DE481D7B1DD42EA200B9A654 /* AppDelegate.m in Sources */ = {isa = PBXBuildFile; fileRef = DE481D781DD42EA200B9A654 /* AppDelegate.m */; };
		DE481D7C1DD42EA200B9A654 /* ViewController.m in Sources */ = {isa = PBXBuildFile; fileRef = DE481D7A1DD42EA200B9A654 /* ViewController.m */; };
		DE7D8D8D1DD9A1F20059A4CD /* GCDAsyncSocket.m in Sources */ = {isa = PBXBuildFile; fileRef = DE7D8D861DD9A1F20059A4CD /* GCDAsyncSocket.m */; settings = {COMPILER_FLAGS = "-fno-objc-arc"; }; };
		DE7D8D8E1DD9A1F20059A4CD /* JSONKit.m in Sources */ = {isa = PBXBuildFile; fileRef = DE7D8D881DD9A1F20059A4CD /* JSONKit.m */; settings = {COMPILER_FLAGS = "-fno-objc-arc"; }; };
		DE7D8D8F1DD9A1F20059A4CD /* Network.m in Sources */ = {isa = PBXBuildFile; fileRef = DE7D8D8A1DD9A1F20059A4CD /* Network.m */; };
		DE7D8D901DD9A1F20059A4CD /* Reachability.m in Sources */ = {isa = PBXBuildFile; fileRef = DE7D8D8C1DD9A1F20059A4CD /* Reachability.m */; };
		DE7D8D921DD9A20D0059A4CD /* CFNetwork.framework in Frameworks */ = {isa = PBXBuildFile; fileRef = DE7D8D911DD9A20D0059A4CD /* CFNetwork.framework */; };
		DE7D8D941DD9A2260059A4CD /* SystemConfiguration.framework in Frameworks */ = {isa = PBXBuildFile; fileRef = DE7D8D931DD9A2260059A4CD /* SystemConfiguration.framework */; };
		DE7D8DA21DD9AC270059A4CD /* LocalFileSystem.m in Sources */ = {isa = PBXBuildFile; fileRef = DE7D8DA01DD9AC270059A4CD /* LocalFileSystem.m */; };
		DEE6D01B1DDAA6D200738C3E /* LocalFileSystem.xib in Resources */ = {isa = PBXBuildFile; fileRef = DEE6D01A1DDAA6D200738C3E /* LocalFileSystem.xib */; };
		DEE6D01F1DDAB71100738C3E /* DocumentCell.m in Sources */ = {isa = PBXBuildFile; fileRef = DEE6D01D1DDAB71100738C3E /* DocumentCell.m */; };
		DEE6D0201DDAB71100738C3E /* DocumentCell.xib in Resources */ = {isa = PBXBuildFile; fileRef = DEE6D01E1DDAB71100738C3E /* DocumentCell.xib */; };
		DEE6D0281DDAC14400738C3E /* PictureCellImg.m in Sources */ = {isa = PBXBuildFile; fileRef = DEE6D0271DDAC14400738C3E /* PictureCellImg.m */; };
		DEE6D0301DDB0CD000738C3E /* arrow_down.png in Resources */ = {isa = PBXBuildFile; fileRef = DEE6D02A1DDB0CD000738C3E /* arrow_down.png */; };
		DEE6D0311DDB0CD000738C3E /* arrow_down@2x.png in Resources */ = {isa = PBXBuildFile; fileRef = DEE6D02B1DDB0CD000738C3E /* arrow_down@2x.png */; };
		DEE6D0321DDB0CD000738C3E /* arrow_up.png in Resources */ = {isa = PBXBuildFile; fileRef = DEE6D02C1DDB0CD000738C3E /* arrow_up.png */; };
		DEE6D0331DDB0CD000738C3E /* arrow_up@2x.png in Resources */ = {isa = PBXBuildFile; fileRef = DEE6D02D1DDB0CD000738C3E /* arrow_up@2x.png */; };
		DEE6D0341DDB0CD000738C3E /* PullToRefreshTableView.m in Sources */ = {isa = PBXBuildFile; fileRef = DEE6D02F1DDB0CD000738C3E /* PullToRefreshTableView.m */; settings = {COMPILER_FLAGS = "-fno-objc-arc"; }; };
		DEF133FA1DDC34BC005D9E64 /* AddMember.m in Sources */ = {isa = PBXBuildFile; fileRef = DEF133F81DDC34BC005D9E64 /* AddMember.m */; };
		DEF133FB1DDC34BC005D9E64 /* AddMember.xib in Resources */ = {isa = PBXBuildFile; fileRef = DEF133F91DDC34BC005D9E64 /* AddMember.xib */; };
		DEF134071DDC4572005D9E64 /* BATableView.m in Sources */ = {isa = PBXBuildFile; fileRef = DEF133FF1DDC4572005D9E64 /* BATableView.m */; };
		DEF134081DDC4572005D9E64 /* BATableViewIndex.m in Sources */ = {isa = PBXBuildFile; fileRef = DEF134011DDC4572005D9E64 /* BATableViewIndex.m */; };
		DEF134091DDC4572005D9E64 /* ChineseString.m in Sources */ = {isa = PBXBuildFile; fileRef = DEF134041DDC4572005D9E64 /* ChineseString.m */; };
		DEF1340A1DDC4572005D9E64 /* pinyin.c in Sources */ = {isa = PBXBuildFile; fileRef = DEF134051DDC4572005D9E64 /* pinyin.c */; };
/* End PBXBuildFile section */

/* Begin PBXFileReference section */
		0964C9B31DDB070900F4B3FB /* YCTuanDuiGuanLiVCViewController.h */ = {isa = PBXFileReference; fileEncoding = 4; lastKnownFileType = sourcecode.c.h; path = YCTuanDuiGuanLiVCViewController.h; sourceTree = "<group>"; };
		0964C9B41DDB070900F4B3FB /* YCTuanDuiGuanLiVCViewController.m */ = {isa = PBXFileReference; fileEncoding = 4; lastKnownFileType = sourcecode.c.objc; path = YCTuanDuiGuanLiVCViewController.m; sourceTree = "<group>"; };
		0964C9B51DDB070900F4B3FB /* YCTuanDuiGuanLiVCViewController.xib */ = {isa = PBXFileReference; fileEncoding = 4; lastKnownFileType = file.xib; path = YCTuanDuiGuanLiVCViewController.xib; sourceTree = "<group>"; };
		09FDEB511DD9BC57002A0B60 /* YCLogin.h */ = {isa = PBXFileReference; fileEncoding = 4; lastKnownFileType = sourcecode.c.h; path = YCLogin.h; sourceTree = "<group>"; };
		09FDEB521DD9BC57002A0B60 /* YCLogin.m */ = {isa = PBXFileReference; fileEncoding = 4; lastKnownFileType = sourcecode.c.objc; path = YCLogin.m; sourceTree = "<group>"; };
		09FDEB531DD9BC57002A0B60 /* YCLogin.xib */ = {isa = PBXFileReference; fileEncoding = 4; lastKnownFileType = file.xib; path = YCLogin.xib; sourceTree = "<group>"; };
		09FDEB541DD9BC57002A0B60 /* ZhaoHuiMiMaVC.h */ = {isa = PBXFileReference; fileEncoding = 4; lastKnownFileType = sourcecode.c.h; path = ZhaoHuiMiMaVC.h; sourceTree = "<group>"; };
		09FDEB551DD9BC57002A0B60 /* ZhaoHuiMiMaVC.m */ = {isa = PBXFileReference; fileEncoding = 4; lastKnownFileType = sourcecode.c.objc; path = ZhaoHuiMiMaVC.m; sourceTree = "<group>"; };
		09FDEB561DD9BC57002A0B60 /* ZhaoHuiMiMaVC.xib */ = {isa = PBXFileReference; fileEncoding = 4; lastKnownFileType = file.xib; path = ZhaoHuiMiMaVC.xib; sourceTree = "<group>"; };
		09FDEB571DD9BC57002A0B60 /* ZhuCeVC.h */ = {isa = PBXFileReference; fileEncoding = 4; lastKnownFileType = sourcecode.c.h; path = ZhuCeVC.h; sourceTree = "<group>"; };
		09FDEB581DD9BC57002A0B60 /* ZhuCeVC.m */ = {isa = PBXFileReference; fileEncoding = 4; lastKnownFileType = sourcecode.c.objc; path = ZhuCeVC.m; sourceTree = "<group>"; };
		09FDEB591DD9BC57002A0B60 /* ZhuCeVC.xib */ = {isa = PBXFileReference; fileEncoding = 4; lastKnownFileType = file.xib; path = ZhuCeVC.xib; sourceTree = "<group>"; };
		09FDEB601DD9BCE9002A0B60 /* YCGuideViewController.h */ = {isa = PBXFileReference; fileEncoding = 4; lastKnownFileType = sourcecode.c.h; path = YCGuideViewController.h; sourceTree = "<group>"; };
		09FDEB611DD9BCE9002A0B60 /* YCGuideViewController.m */ = {isa = PBXFileReference; fileEncoding = 4; lastKnownFileType = sourcecode.c.objc; path = YCGuideViewController.m; sourceTree = "<group>"; };
		09FDEB621DD9BCE9002A0B60 /* YCGuideViewController.xib */ = {isa = PBXFileReference; fileEncoding = 4; lastKnownFileType = file.xib; path = YCGuideViewController.xib; sourceTree = "<group>"; };
		DE26D9411DCC62D100176FC0 /* ExperimentProject.app */ = {isa = PBXFileReference; explicitFileType = wrapper.application; includeInIndex = 0; path = ExperimentProject.app; sourceTree = BUILT_PRODUCTS_DIR; };
		DE26D9451DCC62D100176FC0 /* main.m */ = {isa = PBXFileReference; lastKnownFileType = sourcecode.c.objc; path = main.m; sourceTree = "<group>"; };
		DE26D94E1DCC62D100176FC0 /* Base */ = {isa = PBXFileReference; lastKnownFileType = file.storyboard; name = Base; path = Base.lproj/Main.storyboard; sourceTree = "<group>"; };
		DE26D9501DCC62D100176FC0 /* Assets.xcassets */ = {isa = PBXFileReference; lastKnownFileType = folder.assetcatalog; path = Assets.xcassets; sourceTree = "<group>"; };
		DE26D9531DCC62D100176FC0 /* Base */ = {isa = PBXFileReference; lastKnownFileType = file.storyboard; name = Base; path = Base.lproj/LaunchScreen.storyboard; sourceTree = "<group>"; };
		DE26D9551DCC62D100176FC0 /* Info.plist */ = {isa = PBXFileReference; lastKnownFileType = text.plist.xml; path = Info.plist; sourceTree = "<group>"; };
		DE34E1A81DD56952003E7715 /* YCUniversalInterface.h */ = {isa = PBXFileReference; fileEncoding = 4; lastKnownFileType = sourcecode.c.h; path = YCUniversalInterface.h; sourceTree = "<group>"; };
		DE34E1A91DD56952003E7715 /* YCUniversalInterface.m */ = {isa = PBXFileReference; fileEncoding = 4; lastKnownFileType = sourcecode.c.objc; path = YCUniversalInterface.m; sourceTree = "<group>"; };
		DE34E1AA1DD56952003E7715 /* YCUniversalInterface.xib */ = {isa = PBXFileReference; fileEncoding = 4; lastKnownFileType = file.xib; path = YCUniversalInterface.xib; sourceTree = "<group>"; };
		DE34E1B01DD5699D003E7715 /* YCManagerInterface.h */ = {isa = PBXFileReference; fileEncoding = 4; lastKnownFileType = sourcecode.c.h; path = YCManagerInterface.h; sourceTree = "<group>"; };
		DE34E1B11DD5699D003E7715 /* YCManagerInterface.m */ = {isa = PBXFileReference; fileEncoding = 4; lastKnownFileType = sourcecode.c.objc; path = YCManagerInterface.m; sourceTree = "<group>"; };
		DE34E1B21DD5699D003E7715 /* YCManagerInterface.xib */ = {isa = PBXFileReference; fileEncoding = 4; lastKnownFileType = file.xib; path = YCManagerInterface.xib; sourceTree = "<group>"; };
		DE34E1B81DD569D9003E7715 /* YCKYVersionInterface.h */ = {isa = PBXFileReference; fileEncoding = 4; lastKnownFileType = sourcecode.c.h; path = YCKYVersionInterface.h; sourceTree = "<group>"; };
		DE34E1B91DD569D9003E7715 /* YCKYVersionInterface.m */ = {isa = PBXFileReference; fileEncoding = 4; lastKnownFileType = sourcecode.c.objc; path = YCKYVersionInterface.m; sourceTree = "<group>"; };
		DE34E1BA1DD569D9003E7715 /* YCKYVersionInterface.xib */ = {isa = PBXFileReference; fileEncoding = 4; lastKnownFileType = file.xib; path = YCKYVersionInterface.xib; sourceTree = "<group>"; };
		DE34E1C01DD56A38003E7715 /* YCSettingsViewController.h */ = {isa = PBXFileReference; fileEncoding = 4; lastKnownFileType = sourcecode.c.h; path = YCSettingsViewController.h; sourceTree = "<group>"; };
		DE34E1C11DD56A38003E7715 /* YCSettingsViewController.m */ = {isa = PBXFileReference; fileEncoding = 4; lastKnownFileType = sourcecode.c.objc; path = YCSettingsViewController.m; sourceTree = "<group>"; };
		DE34E1C21DD56A38003E7715 /* YCSettingsViewController.xib */ = {isa = PBXFileReference; fileEncoding = 4; lastKnownFileType = file.xib; path = YCSettingsViewController.xib; sourceTree = "<group>"; };
		DE34E1C71DD56E35003E7715 /* DefineTool.h */ = {isa = PBXFileReference; fileEncoding = 4; lastKnownFileType = sourcecode.c.h; path = DefineTool.h; sourceTree = "<group>"; };
		DE34E1C81DD57A0F003E7715 /* ToolFuncation.h */ = {isa = PBXFileReference; fileEncoding = 4; lastKnownFileType = sourcecode.c.h; path = ToolFuncation.h; sourceTree = "<group>"; };
		DE34E1C91DD57A0F003E7715 /* ToolFuncation.m */ = {isa = PBXFileReference; fileEncoding = 4; lastKnownFileType = sourcecode.c.objc; path = ToolFuncation.m; sourceTree = "<group>"; };
		DE481D771DD42EA200B9A654 /* AppDelegate.h */ = {isa = PBXFileReference; fileEncoding = 4; lastKnownFileType = sourcecode.c.h; path = AppDelegate.h; sourceTree = "<group>"; };
		DE481D781DD42EA200B9A654 /* AppDelegate.m */ = {isa = PBXFileReference; fileEncoding = 4; lastKnownFileType = sourcecode.c.objc; path = AppDelegate.m; sourceTree = "<group>"; };
		DE481D791DD42EA200B9A654 /* ViewController.h */ = {isa = PBXFileReference; fileEncoding = 4; lastKnownFileType = sourcecode.c.h; path = ViewController.h; sourceTree = "<group>"; };
		DE481D7A1DD42EA200B9A654 /* ViewController.m */ = {isa = PBXFileReference; fileEncoding = 4; lastKnownFileType = sourcecode.c.objc; path = ViewController.m; sourceTree = "<group>"; };
		DE7D8D851DD9A1F20059A4CD /* GCDAsyncSocket.h */ = {isa = PBXFileReference; fileEncoding = 4; lastKnownFileType = sourcecode.c.h; path = GCDAsyncSocket.h; sourceTree = "<group>"; };
		DE7D8D861DD9A1F20059A4CD /* GCDAsyncSocket.m */ = {isa = PBXFileReference; fileEncoding = 4; lastKnownFileType = sourcecode.c.objc; path = GCDAsyncSocket.m; sourceTree = "<group>"; };
		DE7D8D871DD9A1F20059A4CD /* JSONKit.h */ = {isa = PBXFileReference; fileEncoding = 4; lastKnownFileType = sourcecode.c.h; path = JSONKit.h; sourceTree = "<group>"; };
		DE7D8D881DD9A1F20059A4CD /* JSONKit.m */ = {isa = PBXFileReference; fileEncoding = 4; lastKnownFileType = sourcecode.c.objc; path = JSONKit.m; sourceTree = "<group>"; };
		DE7D8D891DD9A1F20059A4CD /* Network.h */ = {isa = PBXFileReference; fileEncoding = 4; lastKnownFileType = sourcecode.c.h; path = Network.h; sourceTree = "<group>"; };
		DE7D8D8A1DD9A1F20059A4CD /* Network.m */ = {isa = PBXFileReference; fileEncoding = 4; lastKnownFileType = sourcecode.c.objc; path = Network.m; sourceTree = "<group>"; };
		DE7D8D8B1DD9A1F20059A4CD /* Reachability.h */ = {isa = PBXFileReference; fileEncoding = 4; lastKnownFileType = sourcecode.c.h; path = Reachability.h; sourceTree = "<group>"; };
		DE7D8D8C1DD9A1F20059A4CD /* Reachability.m */ = {isa = PBXFileReference; fileEncoding = 4; lastKnownFileType = sourcecode.c.objc; path = Reachability.m; sourceTree = "<group>"; };
		DE7D8D911DD9A20D0059A4CD /* CFNetwork.framework */ = {isa = PBXFileReference; lastKnownFileType = wrapper.framework; name = CFNetwork.framework; path = System/Library/Frameworks/CFNetwork.framework; sourceTree = SDKROOT; };
		DE7D8D931DD9A2260059A4CD /* SystemConfiguration.framework */ = {isa = PBXFileReference; lastKnownFileType = wrapper.framework; name = SystemConfiguration.framework; path = System/Library/Frameworks/SystemConfiguration.framework; sourceTree = SDKROOT; };
		DE7D8D9F1DD9AC270059A4CD /* LocalFileSystem.h */ = {isa = PBXFileReference; fileEncoding = 4; lastKnownFileType = sourcecode.c.h; path = LocalFileSystem.h; sourceTree = "<group>"; };
		DE7D8DA01DD9AC270059A4CD /* LocalFileSystem.m */ = {isa = PBXFileReference; fileEncoding = 4; lastKnownFileType = sourcecode.c.objc; path = LocalFileSystem.m; sourceTree = "<group>"; };
		DEE6D00F1DDAA58400738C3E /* zh-Hans */ = {isa = PBXFileReference; lastKnownFileType = text.plist.strings; name = "zh-Hans"; path = "zh-Hans.lproj/Main.strings"; sourceTree = "<group>"; };
		DEE6D0101DDAA58500738C3E /* zh-Hans */ = {isa = PBXFileReference; lastKnownFileType = text.plist.strings; name = "zh-Hans"; path = "zh-Hans.lproj/LaunchScreen.strings"; sourceTree = "<group>"; };
		DEE6D01A1DDAA6D200738C3E /* LocalFileSystem.xib */ = {isa = PBXFileReference; fileEncoding = 4; lastKnownFileType = file.xib; path = LocalFileSystem.xib; sourceTree = "<group>"; };
		DEE6D01C1DDAB71100738C3E /* DocumentCell.h */ = {isa = PBXFileReference; fileEncoding = 4; lastKnownFileType = sourcecode.c.h; path = DocumentCell.h; sourceTree = "<group>"; };
		DEE6D01D1DDAB71100738C3E /* DocumentCell.m */ = {isa = PBXFileReference; fileEncoding = 4; lastKnownFileType = sourcecode.c.objc; path = DocumentCell.m; sourceTree = "<group>"; };
		DEE6D01E1DDAB71100738C3E /* DocumentCell.xib */ = {isa = PBXFileReference; fileEncoding = 4; lastKnownFileType = file.xib; path = DocumentCell.xib; sourceTree = "<group>"; };
		DEE6D0261DDAC14400738C3E /* PictureCellImg.h */ = {isa = PBXFileReference; fileEncoding = 4; lastKnownFileType = sourcecode.c.h; path = PictureCellImg.h; sourceTree = "<group>"; };
		DEE6D0271DDAC14400738C3E /* PictureCellImg.m */ = {isa = PBXFileReference; fileEncoding = 4; lastKnownFileType = sourcecode.c.objc; path = PictureCellImg.m; sourceTree = "<group>"; };
		DEE6D02A1DDB0CD000738C3E /* arrow_down.png */ = {isa = PBXFileReference; lastKnownFileType = image.png; path = arrow_down.png; sourceTree = "<group>"; };
		DEE6D02B1DDB0CD000738C3E /* arrow_down@2x.png */ = {isa = PBXFileReference; lastKnownFileType = image.png; path = "arrow_down@2x.png"; sourceTree = "<group>"; };
		DEE6D02C1DDB0CD000738C3E /* arrow_up.png */ = {isa = PBXFileReference; lastKnownFileType = image.png; path = arrow_up.png; sourceTree = "<group>"; };
		DEE6D02D1DDB0CD000738C3E /* arrow_up@2x.png */ = {isa = PBXFileReference; lastKnownFileType = image.png; path = "arrow_up@2x.png"; sourceTree = "<group>"; };
		DEE6D02E1DDB0CD000738C3E /* PullToRefreshTableView.h */ = {isa = PBXFileReference; fileEncoding = 4; lastKnownFileType = sourcecode.c.h; name = PullToRefreshTableView.h; path = ../../PullToRefreshTableView.h; sourceTree = "<group>"; };
		DEE6D02F1DDB0CD000738C3E /* PullToRefreshTableView.m */ = {isa = PBXFileReference; fileEncoding = 4; lastKnownFileType = sourcecode.c.objc; name = PullToRefreshTableView.m; path = ../../PullToRefreshTableView.m; sourceTree = "<group>"; };
		DEF133F71DDC34BC005D9E64 /* AddMember.h */ = {isa = PBXFileReference; fileEncoding = 4; lastKnownFileType = sourcecode.c.h; path = AddMember.h; sourceTree = "<group>"; };
		DEF133F81DDC34BC005D9E64 /* AddMember.m */ = {isa = PBXFileReference; fileEncoding = 4; lastKnownFileType = sourcecode.c.objc; path = AddMember.m; sourceTree = "<group>"; };
		DEF133F91DDC34BC005D9E64 /* AddMember.xib */ = {isa = PBXFileReference; fileEncoding = 4; lastKnownFileType = file.xib; path = AddMember.xib; sourceTree = "<group>"; };
		DEF133FE1DDC4572005D9E64 /* BATableView.h */ = {isa = PBXFileReference; fileEncoding = 4; lastKnownFileType = sourcecode.c.h; path = BATableView.h; sourceTree = "<group>"; };
		DEF133FF1DDC4572005D9E64 /* BATableView.m */ = {isa = PBXFileReference; fileEncoding = 4; lastKnownFileType = sourcecode.c.objc; path = BATableView.m; sourceTree = "<group>"; };
		DEF134001DDC4572005D9E64 /* BATableViewIndex.h */ = {isa = PBXFileReference; fileEncoding = 4; lastKnownFileType = sourcecode.c.h; path = BATableViewIndex.h; sourceTree = "<group>"; };
		DEF134011DDC4572005D9E64 /* BATableViewIndex.m */ = {isa = PBXFileReference; fileEncoding = 4; lastKnownFileType = sourcecode.c.objc; path = BATableViewIndex.m; sourceTree = "<group>"; };
		DEF134031DDC4572005D9E64 /* ChineseString.h */ = {isa = PBXFileReference; fileEncoding = 4; lastKnownFileType = sourcecode.c.h; path = ChineseString.h; sourceTree = "<group>"; };
		DEF134041DDC4572005D9E64 /* ChineseString.m */ = {isa = PBXFileReference; fileEncoding = 4; lastKnownFileType = sourcecode.c.objc; path = ChineseString.m; sourceTree = "<group>"; };
		DEF134051DDC4572005D9E64 /* pinyin.c */ = {isa = PBXFileReference; fileEncoding = 4; lastKnownFileType = sourcecode.c.c; path = pinyin.c; sourceTree = "<group>"; };
		DEF134061DDC4572005D9E64 /* pinyin.h */ = {isa = PBXFileReference; fileEncoding = 4; lastKnownFileType = sourcecode.c.h; path = pinyin.h; sourceTree = "<group>"; };
/* End PBXFileReference section */

/* Begin PBXFrameworksBuildPhase section */
		DE26D93E1DCC62D100176FC0 /* Frameworks */ = {
			isa = PBXFrameworksBuildPhase;
			buildActionMask = 2147483647;
			files = (
				DE7D8D941DD9A2260059A4CD /* SystemConfiguration.framework in Frameworks */,
				DE7D8D921DD9A20D0059A4CD /* CFNetwork.framework in Frameworks */,
			);
			runOnlyForDeploymentPostprocessing = 0;
		};
/* End PBXFrameworksBuildPhase section */

/* Begin PBXGroup section */
		097762611DD41941009844CB /* Other */ = {
			isa = PBXGroup;
			children = (
				DEF133F61DDC34A2005D9E64 /* AddMember */,
				DEE6D0291DDB0CD000738C3E /* PullToRefreshTableView */,
				DE7D8D9B1DD9ABFB0059A4CD /* LocalFileSystem */,
				DE7D8D841DD9A1F20059A4CD /* NetworkRequest */,
				DE34E1C51DD56C6E003E7715 /* ToolFiles */,
			);
			path = Other;
			sourceTree = "<group>";
		};
		DE26D9381DCC62D100176FC0 = {
			isa = PBXGroup;
			children = (
				DE7D8D931DD9A2260059A4CD /* SystemConfiguration.framework */,
				DE7D8D911DD9A20D0059A4CD /* CFNetwork.framework */,
				DE26D9431DCC62D100176FC0 /* ExperimentProject */,
				DE26D9421DCC62D100176FC0 /* Products */,
			);
			sourceTree = "<group>";
		};
		DE26D9421DCC62D100176FC0 /* Products */ = {
			isa = PBXGroup;
			children = (
				DE26D9411DCC62D100176FC0 /* ExperimentProject.app */,
			);
			name = Products;
			sourceTree = "<group>";
		};
		DE26D9431DCC62D100176FC0 /* ExperimentProject */ = {
			isa = PBXGroup;
			children = (
				DE34E1861DD562D2003E7715 /* Settings */,
				DE34E1841DD5623C003E7715 /* Guide */,
				DE34E1851DD5623C003E7715 /* LoginOut */,
				DE481D7D1DD42FDE00B9A654 /* KYVersion */,
				DE481D7E1DD42FDE00B9A654 /* Manager */,
				DE481D7F1DD42FDE00B9A654 /* Universal */,
				DE481D761DD42CC300B9A654 /* Interface */,
				097762611DD41941009844CB /* Other */,
				DE26D94D1DCC62D100176FC0 /* Main.storyboard */,
				DE26D9501DCC62D100176FC0 /* Assets.xcassets */,
				DE26D9521DCC62D100176FC0 /* LaunchScreen.storyboard */,
				DE26D9551DCC62D100176FC0 /* Info.plist */,
				DE26D9441DCC62D100176FC0 /* Supporting Files */,
			);
			path = ExperimentProject;
			sourceTree = "<group>";
		};
		DE26D9441DCC62D100176FC0 /* Supporting Files */ = {
			isa = PBXGroup;
			children = (
				DE26D9451DCC62D100176FC0 /* main.m */,
			);
			name = "Supporting Files";
			sourceTree = "<group>";
		};
		DE34E1841DD5623C003E7715 /* Guide */ = {
			isa = PBXGroup;
			children = (
				09FDEB601DD9BCE9002A0B60 /* YCGuideViewController.h */,
				09FDEB611DD9BCE9002A0B60 /* YCGuideViewController.m */,
				09FDEB621DD9BCE9002A0B60 /* YCGuideViewController.xib */,
			);
			path = Guide;
			sourceTree = "<group>";
		};
		DE34E1851DD5623C003E7715 /* LoginOut */ = {
			isa = PBXGroup;
			children = (
				09FDEB511DD9BC57002A0B60 /* YCLogin.h */,
				09FDEB521DD9BC57002A0B60 /* YCLogin.m */,
				09FDEB531DD9BC57002A0B60 /* YCLogin.xib */,
				09FDEB541DD9BC57002A0B60 /* ZhaoHuiMiMaVC.h */,
				09FDEB551DD9BC57002A0B60 /* ZhaoHuiMiMaVC.m */,
				09FDEB561DD9BC57002A0B60 /* ZhaoHuiMiMaVC.xib */,
				09FDEB571DD9BC57002A0B60 /* ZhuCeVC.h */,
				09FDEB581DD9BC57002A0B60 /* ZhuCeVC.m */,
				09FDEB591DD9BC57002A0B60 /* ZhuCeVC.xib */,
			);
			path = LoginOut;
			sourceTree = "<group>";
		};
		DE34E1861DD562D2003E7715 /* Settings */ = {
			isa = PBXGroup;
			children = (
				DE34E1BD1DD56A38003E7715 /* Controller */,
				DE34E1BE1DD56A38003E7715 /* Model */,
				DE34E1BF1DD56A38003E7715 /* View */,
			);
			path = Settings;
			sourceTree = "<group>";
		};
		DE34E1A51DD568E7003E7715 /* Controller */ = {
			isa = PBXGroup;
			children = (
			);
			path = Controller;
			sourceTree = "<group>";
		};
		DE34E1A61DD568E7003E7715 /* Model */ = {
			isa = PBXGroup;
			children = (
			);
			path = Model;
			sourceTree = "<group>";
		};
		DE34E1A71DD568E7003E7715 /* View */ = {
			isa = PBXGroup;
			children = (
				DE34E1A81DD56952003E7715 /* YCUniversalInterface.h */,
				DE34E1A91DD56952003E7715 /* YCUniversalInterface.m */,
				DE34E1AA1DD56952003E7715 /* YCUniversalInterface.xib */,
				0964C9B31DDB070900F4B3FB /* YCTuanDuiGuanLiVCViewController.h */,
				0964C9B41DDB070900F4B3FB /* YCTuanDuiGuanLiVCViewController.m */,
				0964C9B51DDB070900F4B3FB /* YCTuanDuiGuanLiVCViewController.xib */,
			);
			path = View;
			sourceTree = "<group>";
		};
		DE34E1AD1DD5699D003E7715 /* Controller */ = {
			isa = PBXGroup;
			children = (
			);
			path = Controller;
			sourceTree = "<group>";
		};
		DE34E1AE1DD5699D003E7715 /* Model */ = {
			isa = PBXGroup;
			children = (
			);
			path = Model;
			sourceTree = "<group>";
		};
		DE34E1AF1DD5699D003E7715 /* View */ = {
			isa = PBXGroup;
			children = (
				DE34E1B01DD5699D003E7715 /* YCManagerInterface.h */,
				DE34E1B11DD5699D003E7715 /* YCManagerInterface.m */,
				DE34E1B21DD5699D003E7715 /* YCManagerInterface.xib */,
			);
			path = View;
			sourceTree = "<group>";
		};
		DE34E1B51DD569D9003E7715 /* Controller */ = {
			isa = PBXGroup;
			children = (
			);
			path = Controller;
			sourceTree = "<group>";
		};
		DE34E1B61DD569D9003E7715 /* Model */ = {
			isa = PBXGroup;
			children = (
			);
			path = Model;
			sourceTree = "<group>";
		};
		DE34E1B71DD569D9003E7715 /* View */ = {
			isa = PBXGroup;
			children = (
				DE34E1B81DD569D9003E7715 /* YCKYVersionInterface.h */,
				DE34E1B91DD569D9003E7715 /* YCKYVersionInterface.m */,
				DE34E1BA1DD569D9003E7715 /* YCKYVersionInterface.xib */,
			);
			path = View;
			sourceTree = "<group>";
		};
		DE34E1BD1DD56A38003E7715 /* Controller */ = {
			isa = PBXGroup;
			children = (
			);
			path = Controller;
			sourceTree = "<group>";
		};
		DE34E1BE1DD56A38003E7715 /* Model */ = {
			isa = PBXGroup;
			children = (
			);
			path = Model;
			sourceTree = "<group>";
		};
		DE34E1BF1DD56A38003E7715 /* View */ = {
			isa = PBXGroup;
			children = (
				DE34E1C01DD56A38003E7715 /* YCSettingsViewController.h */,
				DE34E1C11DD56A38003E7715 /* YCSettingsViewController.m */,
				DE34E1C21DD56A38003E7715 /* YCSettingsViewController.xib */,
			);
			path = View;
			sourceTree = "<group>";
		};
		DE34E1C51DD56C6E003E7715 /* ToolFiles */ = {
			isa = PBXGroup;
			children = (
				DE34E1C71DD56E35003E7715 /* DefineTool.h */,
				DE34E1C81DD57A0F003E7715 /* ToolFuncation.h */,
				DE34E1C91DD57A0F003E7715 /* ToolFuncation.m */,
			);
			path = ToolFiles;
			sourceTree = "<group>";
		};
		DE481D761DD42CC300B9A654 /* Interface */ = {
			isa = PBXGroup;
			children = (
				DE481D771DD42EA200B9A654 /* AppDelegate.h */,
				DE481D781DD42EA200B9A654 /* AppDelegate.m */,
				DE481D791DD42EA200B9A654 /* ViewController.h */,
				DE481D7A1DD42EA200B9A654 /* ViewController.m */,
			);
			path = Interface;
			sourceTree = "<group>";
		};
		DE481D7D1DD42FDE00B9A654 /* KYVersion */ = {
			isa = PBXGroup;
			children = (
				DE34E1B51DD569D9003E7715 /* Controller */,
				DE34E1B61DD569D9003E7715 /* Model */,
				DE34E1B71DD569D9003E7715 /* View */,
			);
			path = KYVersion;
			sourceTree = "<group>";
		};
		DE481D7E1DD42FDE00B9A654 /* Manager */ = {
			isa = PBXGroup;
			children = (
				DE34E1AD1DD5699D003E7715 /* Controller */,
				DE34E1AE1DD5699D003E7715 /* Model */,
				DE34E1AF1DD5699D003E7715 /* View */,
			);
			path = Manager;
			sourceTree = "<group>";
		};
		DE481D7F1DD42FDE00B9A654 /* Universal */ = {
			isa = PBXGroup;
			children = (
				DE34E1A51DD568E7003E7715 /* Controller */,
				DE34E1A61DD568E7003E7715 /* Model */,
				DE34E1A71DD568E7003E7715 /* View */,
			);
			path = Universal;
			sourceTree = "<group>";
		};
		DE7D8D841DD9A1F20059A4CD /* NetworkRequest */ = {
			isa = PBXGroup;
			children = (
				DE7D8D851DD9A1F20059A4CD /* GCDAsyncSocket.h */,
				DE7D8D861DD9A1F20059A4CD /* GCDAsyncSocket.m */,
				DE7D8D871DD9A1F20059A4CD /* JSONKit.h */,
				DE7D8D881DD9A1F20059A4CD /* JSONKit.m */,
				DE7D8D891DD9A1F20059A4CD /* Network.h */,
				DE7D8D8A1DD9A1F20059A4CD /* Network.m */,
				DE7D8D8B1DD9A1F20059A4CD /* Reachability.h */,
				DE7D8D8C1DD9A1F20059A4CD /* Reachability.m */,
			);
			path = NetworkRequest;
			sourceTree = "<group>";
		};
		DE7D8D9B1DD9ABFB0059A4CD /* LocalFileSystem */ = {
			isa = PBXGroup;
			children = (
				DE7D8D9F1DD9AC270059A4CD /* LocalFileSystem.h */,
				DE7D8DA01DD9AC270059A4CD /* LocalFileSystem.m */,
				DEE6D01A1DDAA6D200738C3E /* LocalFileSystem.xib */,
				DEE6D01C1DDAB71100738C3E /* DocumentCell.h */,
				DEE6D01D1DDAB71100738C3E /* DocumentCell.m */,
				DEE6D01E1DDAB71100738C3E /* DocumentCell.xib */,
				DEE6D0261DDAC14400738C3E /* PictureCellImg.h */,
				DEE6D0271DDAC14400738C3E /* PictureCellImg.m */,
			);
			path = LocalFileSystem;
			sourceTree = "<group>";
		};
		DEE6D0291DDB0CD000738C3E /* PullToRefreshTableView */ = {
			isa = PBXGroup;
			children = (
				DEF133FC1DDC44F9005D9E64 /* BeaseTableView */,
				DEE6D02A1DDB0CD000738C3E /* arrow_down.png */,
				DEE6D02B1DDB0CD000738C3E /* arrow_down@2x.png */,
				DEE6D02C1DDB0CD000738C3E /* arrow_up.png */,
				DEE6D02D1DDB0CD000738C3E /* arrow_up@2x.png */,
			);
			path = PullToRefreshTableView;
			sourceTree = "<group>";
		};
		DEF133F61DDC34A2005D9E64 /* AddMember */ = {
			isa = PBXGroup;
			children = (
				DEF133F71DDC34BC005D9E64 /* AddMember.h */,
				DEF133F81DDC34BC005D9E64 /* AddMember.m */,
				DEF133F91DDC34BC005D9E64 /* AddMember.xib */,
			);
			path = AddMember;
			sourceTree = "<group>";
		};
		DEF133FC1DDC44F9005D9E64 /* BeaseTableView */ = {
			isa = PBXGroup;
			children = (
				DEF133FD1DDC4572005D9E64 /* BATableViewKit */,
				DEF134021DDC4572005D9E64 /* ChineseSorting */,
			);
			path = BeaseTableView;
			sourceTree = "<group>";
		};
		DEF133FD1DDC4572005D9E64 /* BATableViewKit */ = {
			isa = PBXGroup;
			children = (
				DEE6D02E1DDB0CD000738C3E /* PullToRefreshTableView.h */,
				DEE6D02F1DDB0CD000738C3E /* PullToRefreshTableView.m */,
				DEF133FE1DDC4572005D9E64 /* BATableView.h */,
				DEF133FF1DDC4572005D9E64 /* BATableView.m */,
				DEF134001DDC4572005D9E64 /* BATableViewIndex.h */,
				DEF134011DDC4572005D9E64 /* BATableViewIndex.m */,
			);
			path = BATableViewKit;
			sourceTree = "<group>";
		};
		DEF134021DDC4572005D9E64 /* ChineseSorting */ = {
			isa = PBXGroup;
			children = (
				DEF134031DDC4572005D9E64 /* ChineseString.h */,
				DEF134041DDC4572005D9E64 /* ChineseString.m */,
				DEF134051DDC4572005D9E64 /* pinyin.c */,
				DEF134061DDC4572005D9E64 /* pinyin.h */,
			);
			path = ChineseSorting;
			sourceTree = "<group>";
		};
/* End PBXGroup section */

/* Begin PBXNativeTarget section */
		DE26D9401DCC62D100176FC0 /* ExperimentProject */ = {
			isa = PBXNativeTarget;
			buildConfigurationList = DE26D9581DCC62D100176FC0 /* Build configuration list for PBXNativeTarget "ExperimentProject" */;
			buildPhases = (
				DE26D93D1DCC62D100176FC0 /* Sources */,
				DE26D93E1DCC62D100176FC0 /* Frameworks */,
				DE26D93F1DCC62D100176FC0 /* Resources */,
			);
			buildRules = (
			);
			dependencies = (
			);
			name = ExperimentProject;
			productName = ExperimentProject;
			productReference = DE26D9411DCC62D100176FC0 /* ExperimentProject.app */;
			productType = "com.apple.product-type.application";
		};
/* End PBXNativeTarget section */

/* Begin PBXProject section */
		DE26D9391DCC62D100176FC0 /* Project object */ = {
			isa = PBXProject;
			attributes = {
				LastUpgradeCheck = 0810;
				ORGANIZATIONNAME = yaolong;
				TargetAttributes = {
					DE26D9401DCC62D100176FC0 = {
						CreatedOnToolsVersion = 8.1;
						ProvisioningStyle = Automatic;
					};
				};
			};
			buildConfigurationList = DE26D93C1DCC62D100176FC0 /* Build configuration list for PBXProject "ExperimentProject" */;
			compatibilityVersion = "Xcode 3.2";
			developmentRegion = English;
			hasScannedForEncodings = 0;
			knownRegions = (
				Base,
			);
			mainGroup = DE26D9381DCC62D100176FC0;
			productRefGroup = DE26D9421DCC62D100176FC0 /* Products */;
			projectDirPath = "";
			projectRoot = "";
			targets = (
				DE26D9401DCC62D100176FC0 /* ExperimentProject */,
			);
		};
/* End PBXProject section */

/* Begin PBXResourcesBuildPhase section */
		DE26D93F1DCC62D100176FC0 /* Resources */ = {
			isa = PBXResourcesBuildPhase;
			buildActionMask = 2147483647;
			files = (
				DE34E1BC1DD569D9003E7715 /* YCKYVersionInterface.xib in Resources */,
				DE26D9541DCC62D100176FC0 /* LaunchScreen.storyboard in Resources */,
				09FDEB5F1DD9BC57002A0B60 /* ZhuCeVC.xib in Resources */,
				DE26D9511DCC62D100176FC0 /* Assets.xcassets in Resources */,
				0964C9B71DDB070900F4B3FB /* YCTuanDuiGuanLiVCViewController.xib in Resources */,
				09FDEB5B1DD9BC57002A0B60 /* YCLogin.xib in Resources */,
				09FDEB5D1DD9BC57002A0B60 /* ZhaoHuiMiMaVC.xib in Resources */,
				09FDEB641DD9BCE9002A0B60 /* YCGuideViewController.xib in Resources */,
				DEE6D0201DDAB71100738C3E /* DocumentCell.xib in Resources */,
				DE34E1B41DD5699D003E7715 /* YCManagerInterface.xib in Resources */,
				DEE6D0301DDB0CD000738C3E /* arrow_down.png in Resources */,
				DEE6D01B1DDAA6D200738C3E /* LocalFileSystem.xib in Resources */,
				DE26D94F1DCC62D100176FC0 /* Main.storyboard in Resources */,
				DE34E1AC1DD56952003E7715 /* YCUniversalInterface.xib in Resources */,
				DEE6D0311DDB0CD000738C3E /* arrow_down@2x.png in Resources */,
				DEF133FB1DDC34BC005D9E64 /* AddMember.xib in Resources */,
				DEE6D0321DDB0CD000738C3E /* arrow_up.png in Resources */,
				DEE6D0331DDB0CD000738C3E /* arrow_up@2x.png in Resources */,
				DE34E1C41DD56A38003E7715 /* YCSettingsViewController.xib in Resources */,
			);
			runOnlyForDeploymentPostprocessing = 0;
		};
/* End PBXResourcesBuildPhase section */

/* Begin PBXSourcesBuildPhase section */
		DE26D93D1DCC62D100176FC0 /* Sources */ = {
			isa = PBXSourcesBuildPhase;
			buildActionMask = 2147483647;
			files = (
				DE7D8D8F1DD9A1F20059A4CD /* Network.m in Sources */,
				DE481D7C1DD42EA200B9A654 /* ViewController.m in Sources */,
				DE7D8D8E1DD9A1F20059A4CD /* JSONKit.m in Sources */,
				DE34E1B31DD5699D003E7715 /* YCManagerInterface.m in Sources */,
				DE34E1BB1DD569D9003E7715 /* YCKYVersionInterface.m in Sources */,
				DE7D8DA21DD9AC270059A4CD /* LocalFileSystem.m in Sources */,
				DEF134091DDC4572005D9E64 /* ChineseString.m in Sources */,
				DE481D7B1DD42EA200B9A654 /* AppDelegate.m in Sources */,
				DE34E1CA1DD57A0F003E7715 /* ToolFuncation.m in Sources */,
				09FDEB5A1DD9BC57002A0B60 /* YCLogin.m in Sources */,
				DEF134071DDC4572005D9E64 /* BATableView.m in Sources */,
				DE34E1C31DD56A38003E7715 /* YCSettingsViewController.m in Sources */,
				DEF134081DDC4572005D9E64 /* BATableViewIndex.m in Sources */,
				0964C9B61DDB070900F4B3FB /* YCTuanDuiGuanLiVCViewController.m in Sources */,
				DEE6D01F1DDAB71100738C3E /* DocumentCell.m in Sources */,
				DE7D8D901DD9A1F20059A4CD /* Reachability.m in Sources */,
				DE26D9461DCC62D100176FC0 /* main.m in Sources */,
				DE7D8D8D1DD9A1F20059A4CD /* GCDAsyncSocket.m in Sources */,
				09FDEB631DD9BCE9002A0B60 /* YCGuideViewController.m in Sources */,
				DE34E1AB1DD56952003E7715 /* YCUniversalInterface.m in Sources */,
				DEE6D0281DDAC14400738C3E /* PictureCellImg.m in Sources */,
				DEE6D0341DDB0CD000738C3E /* PullToRefreshTableView.m in Sources */,
				09FDEB5C1DD9BC57002A0B60 /* ZhaoHuiMiMaVC.m in Sources */,
				09FDEB5E1DD9BC57002A0B60 /* ZhuCeVC.m in Sources */,
				DEF1340A1DDC4572005D9E64 /* pinyin.c in Sources */,
				DEF133FA1DDC34BC005D9E64 /* AddMember.m in Sources */,
			);
			runOnlyForDeploymentPostprocessing = 0;
		};
/* End PBXSourcesBuildPhase section */

/* Begin PBXVariantGroup section */
		DE26D94D1DCC62D100176FC0 /* Main.storyboard */ = {
			isa = PBXVariantGroup;
			children = (
				DE26D94E1DCC62D100176FC0 /* Base */,
				DEE6D00F1DDAA58400738C3E /* zh-Hans */,
			);
			name = Main.storyboard;
			sourceTree = "<group>";
		};
		DE26D9521DCC62D100176FC0 /* LaunchScreen.storyboard */ = {
			isa = PBXVariantGroup;
			children = (
				DE26D9531DCC62D100176FC0 /* Base */,
				DEE6D0101DDAA58500738C3E /* zh-Hans */,
			);
			name = LaunchScreen.storyboard;
			sourceTree = "<group>";
		};
/* End PBXVariantGroup section */

/* Begin XCBuildConfiguration section */
		DE26D9561DCC62D100176FC0 /* Debug */ = {
			isa = XCBuildConfiguration;
			buildSettings = {
				ALWAYS_SEARCH_USER_PATHS = NO;
				CLANG_ANALYZER_NONNULL = YES;
				CLANG_CXX_LANGUAGE_STANDARD = "gnu++0x";
				CLANG_CXX_LIBRARY = "libc++";
				CLANG_ENABLE_MODULES = YES;
				CLANG_ENABLE_OBJC_ARC = YES;
				CLANG_WARN_BOOL_CONVERSION = YES;
				CLANG_WARN_CONSTANT_CONVERSION = YES;
				CLANG_WARN_DIRECT_OBJC_ISA_USAGE = YES_ERROR;
				CLANG_WARN_DOCUMENTATION_COMMENTS = YES;
				CLANG_WARN_EMPTY_BODY = YES;
				CLANG_WARN_ENUM_CONVERSION = YES;
				CLANG_WARN_INFINITE_RECURSION = YES;
				CLANG_WARN_INT_CONVERSION = YES;
				CLANG_WARN_OBJC_ROOT_CLASS = YES_ERROR;
				CLANG_WARN_SUSPICIOUS_MOVES = YES;
				CLANG_WARN_UNREACHABLE_CODE = YES;
				CLANG_WARN__DUPLICATE_METHOD_MATCH = YES;
				"CODE_SIGN_IDENTITY[sdk=iphoneos*]" = "iPhone Developer";
				COPY_PHASE_STRIP = NO;
				DEBUG_INFORMATION_FORMAT = dwarf;
				ENABLE_STRICT_OBJC_MSGSEND = YES;
				ENABLE_TESTABILITY = YES;
				GCC_C_LANGUAGE_STANDARD = gnu99;
				GCC_DYNAMIC_NO_PIC = NO;
				GCC_NO_COMMON_BLOCKS = YES;
				GCC_OPTIMIZATION_LEVEL = 0;
				GCC_PREPROCESSOR_DEFINITIONS = (
					"DEBUG=1",
					"$(inherited)",
				);
				GCC_WARN_64_TO_32_BIT_CONVERSION = YES;
				GCC_WARN_ABOUT_RETURN_TYPE = YES_ERROR;
				GCC_WARN_UNDECLARED_SELECTOR = YES;
				GCC_WARN_UNINITIALIZED_AUTOS = YES_AGGRESSIVE;
				GCC_WARN_UNUSED_FUNCTION = YES;
				GCC_WARN_UNUSED_VARIABLE = YES;
				IPHONEOS_DEPLOYMENT_TARGET = 10.1;
				MTL_ENABLE_DEBUG_INFO = YES;
				ONLY_ACTIVE_ARCH = YES;
				SDKROOT = iphoneos;
			};
			name = Debug;
		};
		DE26D9571DCC62D100176FC0 /* Release */ = {
			isa = XCBuildConfiguration;
			buildSettings = {
				ALWAYS_SEARCH_USER_PATHS = NO;
				CLANG_ANALYZER_NONNULL = YES;
				CLANG_CXX_LANGUAGE_STANDARD = "gnu++0x";
				CLANG_CXX_LIBRARY = "libc++";
				CLANG_ENABLE_MODULES = YES;
				CLANG_ENABLE_OBJC_ARC = YES;
				CLANG_WARN_BOOL_CONVERSION = YES;
				CLANG_WARN_CONSTANT_CONVERSION = YES;
				CLANG_WARN_DIRECT_OBJC_ISA_USAGE = YES_ERROR;
				CLANG_WARN_DOCUMENTATION_COMMENTS = YES;
				CLANG_WARN_EMPTY_BODY = YES;
				CLANG_WARN_ENUM_CONVERSION = YES;
				CLANG_WARN_INFINITE_RECURSION = YES;
				CLANG_WARN_INT_CONVERSION = YES;
				CLANG_WARN_OBJC_ROOT_CLASS = YES_ERROR;
				CLANG_WARN_SUSPICIOUS_MOVES = YES;
				CLANG_WARN_UNREACHABLE_CODE = YES;
				CLANG_WARN__DUPLICATE_METHOD_MATCH = YES;
				"CODE_SIGN_IDENTITY[sdk=iphoneos*]" = "iPhone Developer";
				COPY_PHASE_STRIP = NO;
				DEBUG_INFORMATION_FORMAT = "dwarf-with-dsym";
				ENABLE_NS_ASSERTIONS = NO;
				ENABLE_STRICT_OBJC_MSGSEND = YES;
				GCC_C_LANGUAGE_STANDARD = gnu99;
				GCC_NO_COMMON_BLOCKS = YES;
				GCC_WARN_64_TO_32_BIT_CONVERSION = YES;
				GCC_WARN_ABOUT_RETURN_TYPE = YES_ERROR;
				GCC_WARN_UNDECLARED_SELECTOR = YES;
				GCC_WARN_UNINITIALIZED_AUTOS = YES_AGGRESSIVE;
				GCC_WARN_UNUSED_FUNCTION = YES;
				GCC_WARN_UNUSED_VARIABLE = YES;
				IPHONEOS_DEPLOYMENT_TARGET = 10.1;
				MTL_ENABLE_DEBUG_INFO = NO;
				SDKROOT = iphoneos;
				VALIDATE_PRODUCT = YES;
			};
			name = Release;
		};
		DE26D9591DCC62D100176FC0 /* Debug */ = {
			isa = XCBuildConfiguration;
			buildSettings = {
				ASSETCATALOG_COMPILER_APPICON_NAME = AppIcon;
				INFOPLIST_FILE = ExperimentProject/Info.plist;
				IPHONEOS_DEPLOYMENT_TARGET = 7.0;
				LD_RUNPATH_SEARCH_PATHS = "$(inherited) @executable_path/Frameworks";
				PRODUCT_BUNDLE_IDENTIFIER = zeroone.ExperimentProject;
				PRODUCT_NAME = "$(TARGET_NAME)";
			};
			name = Debug;
		};
		DE26D95A1DCC62D100176FC0 /* Release */ = {
			isa = XCBuildConfiguration;
			buildSettings = {
				ASSETCATALOG_COMPILER_APPICON_NAME = AppIcon;
				INFOPLIST_FILE = ExperimentProject/Info.plist;
				IPHONEOS_DEPLOYMENT_TARGET = 7.0;
				LD_RUNPATH_SEARCH_PATHS = "$(inherited) @executable_path/Frameworks";
				PRODUCT_BUNDLE_IDENTIFIER = zeroone.ExperimentProject;
				PRODUCT_NAME = "$(TARGET_NAME)";
			};
			name = Release;
		};
/* End XCBuildConfiguration section */

/* Begin XCConfigurationList section */
		DE26D93C1DCC62D100176FC0 /* Build configuration list for PBXProject "ExperimentProject" */ = {
			isa = XCConfigurationList;
			buildConfigurations = (
				DE26D9561DCC62D100176FC0 /* Debug */,
				DE26D9571DCC62D100176FC0 /* Release */,
			);
			defaultConfigurationIsVisible = 0;
			defaultConfigurationName = Release;
		};
		DE26D9581DCC62D100176FC0 /* Build configuration list for PBXNativeTarget "ExperimentProject" */ = {
			isa = XCConfigurationList;
			buildConfigurations = (
				DE26D9591DCC62D100176FC0 /* Debug */,
				DE26D95A1DCC62D100176FC0 /* Release */,
			);
			defaultConfigurationIsVisible = 0;
			defaultConfigurationName = Release;
		};
/* End XCConfigurationList section */
	};
	rootObject = DE26D9391DCC62D100176FC0 /* Project object */;
}
